// !$*UTF8*$!
{
	archiveVersion = 1;
	classes = {
	};
	objectVersion = 46;
	objects = {

/* Begin PBXBuildFile section */
		66AB35BF1ADC6C0100E6B703 /* main.cpp in Sources */ = {isa = PBXBuildFile; fileRef = 66AB35BE1ADC6C0100E6B703 /* main.cpp */; };
/* End PBXBuildFile section */

/* Begin PBXCopyFilesBuildPhase section */
		66AB35B91ADC6C0100E6B703 /* CopyFiles */ = {
			isa = PBXCopyFilesBuildPhase;
			buildActionMask = 2147483647;
			dstPath = /usr/share/man/man1/;
			dstSubfolderSpec = 0;
			files = (
			);
			runOnlyForDeploymentPostprocessing = 1;
		};
/* End PBXCopyFilesBuildPhase section */

/* Begin PBXFileReference section */
		66AB35BB1ADC6C0100E6B703 /* lista_ordenada */ = {isa = PBXFileReference; explicitFileType = "compiled.mach-o.executable"; includeInIndex = 0; path = lista_ordenada; sourceTree = BUILT_PRODUCTS_DIR; };
		66AB35BE1ADC6C0100E6B703 /* main.cpp */ = {isa = PBXFileReference; lastKnownFileType = sourcecode.cpp.cpp; path = main.cpp; sourceTree = "<group>"; };
/* End PBXFileReference section */

/* Begin PBXFrameworksBuildPhase section */
		66AB35B81ADC6C0100E6B703 /* Frameworks */ = {
			isa = PBXFrameworksBuildPhase;
			buildActionMask = 2147483647;
			files = (
			);
			runOnlyForDeploymentPostprocessing = 0;
		};
/* End PBXFrameworksBuildPhase section */

/* Begin PBXGroup section */
		66AB35B21ADC6C0100E6B703 = {
			isa = PBXGroup;
			children = (
				66AB35BD1ADC6C0100E6B703 /* lista_ordenada */,
				66AB35BC1ADC6C0100E6B703 /* Products */,
			);
			sourceTree = "<group>";
		};
		66AB35BC1ADC6C0100E6B703 /* Products */ = {
			isa = PBXGroup;
			children = (
				66AB35BB1ADC6C0100E6B703 /* lista_ordenada */,
			);
			name = Products;
			sourceTree = "<group>";
		};
		66AB35BD1ADC6C0100E6B703 /* lista_ordenada */ = {
			isa = PBXGroup;
			children = (
				66AB35BE1ADC6C0100E6B703 /* main.cpp */,
			);
			path = lista_ordenada;
			sourceTree = "<group>";
		};
/* End PBXGroup section */

/* Begin PBXNativeTarget section */
		66AB35BA1ADC6C0100E6B703 /* lista_ordenada */ = {
			isa = PBXNativeTarget;
			buildConfigurationList = 66AB35C21ADC6C0100E6B703 /* Build configuration list for PBXNativeTarget "lista_ordenada" */;
			buildPhases = (
				66AB35B71ADC6C0100E6B703 /* Sources */,
				66AB35B81ADC6C0100E6B703 /* Frameworks */,
				66AB35B91ADC6C0100E6B703 /* CopyFiles */,
			);
			buildRules = (
			);
			dependencies = (
			);
			name = lista_ordenada;
			productName = lista_ordenada;
			productReference = 66AB35BB1ADC6C0100E6B703 /* lista_ordenada */;
			productType = "com.apple.product-type.tool";
		};
/* End PBXNativeTarget section */

/* Begin PBXProject section */
		66AB35B31ADC6C0100E6B703 /* Project object */ = {
			isa = PBXProject;
			attributes = {
				LastUpgradeCheck = 0620;
				ORGANIZATIONNAME = "Diogo Martins";
				TargetAttributes = {
					66AB35BA1ADC6C0100E6B703 = {
						CreatedOnToolsVersion = 6.2;
					};
				};
			};
			buildConfigurationList = 66AB35B61ADC6C0100E6B703 /* Build configuration list for PBXProject "lista_ordenada" */;
			compatibilityVersion = "Xcode 3.2";
			developmentRegion = English;
			hasScannedForEncodings = 0;
			knownRegions = (
				en,
			);
			mainGroup = 66AB35B21ADC6C0100E6B703;
			productRefGroup = 66AB35BC1ADC6C0100E6B703 /* Products */;
			projectDirPath = "";
			projectRoot = "";
			targets = (
				66AB35BA1ADC6C0100E6B703 /* lista_ordenada */,
			);
		};
/* End PBXProject section */

/* Begin PBXSourcesBuildPhase section */
		66AB35B71ADC6C0100E6B703 /* Sources */ = {
			isa = PBXSourcesBuildPhase;
			buildActionMask = 2147483647;
			files = (
				66AB35BF1ADC6C0100E6B703 /* main.cpp in Sources */,
			);
			runOnlyForDeploymentPostprocessing = 0;
		};
/* End PBXSourcesBuildPhase section */

/* Begin XCBuildConfiguration section */
		66AB35C01ADC6C0100E6B703 /* Debug */ = {
			isa = XCBuildConfiguration;
			buildSettings = {
				ALWAYS_SEARCH_USER_PATHS = NO;
				CLANG_CXX_LANGUAGE_STANDARD = "gnu++0x";
				CLANG_CXX_LIBRARY = "libc++";
				CLANG_ENABLE_MODULES = YES;
				CLANG_ENABLE_OBJC_ARC = YES;
				CLANG_WARN_BOOL_CONVERSION = YES;
				CLANG_WARN_CONSTANT_CONVERSION = YES;
				CLANG_WARN_DIRECT_OBJC_ISA_USAGE = YES_ERROR;
				CLANG_WARN_EMPTY_BODY = YES;
				CLANG_WARN_ENUM_CONVERSION = YES;
				CLANG_WARN_INT_CONVERSION = YES;
				CLANG_WARN_OBJC_ROOT_CLASS = YES_ERROR;
				CLANG_WARN_UNREACHABLE_CODE = YES;
				CLANG_WARN__DUPLICATE_METHOD_MATCH = YES;
				COPY_PHASE_STRIP = NO;
				ENABLE_STRICT_OBJC_MSGSEND = YES;
				GCC_C_LANGUAGE_STANDARD = gnu99;
				GCC_DYNAMIC_NO_PIC = NO;
				GCC_OPTIMIZATION_LEVEL = 0;
				GCC_PREPROCESSOR_DEFINITIONS = (
					"DEBUG=1",
					"$(inherited)",
				);
				GCC_SYMBOLS_PRIVATE_EXTERN = NO;
				GCC_WARN_64_TO_32_BIT_CONVERSION = YES;
				GCC_WARN_ABOUT_RETURN_TYPE = YES_ERROR;
				GCC_WARN_UNDECLARED_SELECTOR = YES;
				GCC_WARN_UNINITIALIZED_AUTOS = YES_AGGRESSIVE;
				GCC_WARN_UNUSED_FUNCTION = YES;
				GCC_WARN_UNUSED_VARIABLE = YES;
				MACOSX_DEPLOYMENT_TARGET = 10.10;
				MTL_ENABLE_DEBUG_INFO = YES;
				ONLY_ACTIVE_ARCH = YES;
				SDKROOT = macosx;
			};
			name = Debug;
		};
		66AB35C11ADC6C0100E6B703 /* Release */ = {
			isa = XCBuildConfiguration;
			buildSettings = {
				ALWAYS_SEARCH_USER_PATHS = NO;
				CLANG_CXX_LANGUAGE_STANDARD = "gnu++0x";
				CLANG_CXX_LIBRARY = "libc++";
				CLANG_ENABLE_MODULES = YES;
				CLANG_ENABLE_OBJC_ARC = YES;
				CLANG_WARN_BOOL_CONVERSION = YES;
				CLANG_WARN_CONSTANT_CONVERSION = YES;
				CLANG_WARN_DIRECT_OBJC_ISA_USAGE = YES_ERROR;
				CLANG_WARN_EMPTY_BODY = YES;
				CLANG_WARN_ENUM_CONVERSION = YES;
				CLANG_WARN_INT_CONVERSION = YES;
				CLANG_WARN_OBJC_ROOT_CLASS = YES_ERROR;
				CLANG_WARN_UNREACHABLE_CODE = YES;
				CLANG_WARN__DUPLICATE_METHOD_MATCH = YES;
				COPY_PHASE_STRIP = NO;
				DEBUG_INFORMATION_FORMAT = "dwarf-with-dsym";
				ENABLE_NS_ASSERTIONS = NO;
				ENABLE_STRICT_OBJC_MSGSEND = YES;
				GCC_C_LANGUAGE_STANDARD = gnu99;
				GCC_WARN_64_TO_32_BIT_CONVERSION = YES;
				GCC_WARN_ABOUT_RETURN_TYPE = YES_ERROR;
				GCC_WARN_UNDECLARED_SELECTOR = YES;
				GCC_WARN_UNINITIALIZED_AUTOS = YES_AGGRESSIVE;
				GCC_WARN_UNUSED_FUNCTION = YES;
				GCC_WARN_UNUSED_VARIABLE = YES;
				MACOSX_DEPLOYMENT_TARGET = 10.10;
				MTL_ENABLE_DEBUG_INFO = NO;
				SDKROOT = macosx;
			};
			name = Release;
		};
		66AB35C31ADC6C0100E6B703 /* Debug */ = {
			isa = XCBuildConfiguration;
			buildSettings = {
				PRODUCT_NAME = "$(TARGET_NAME)";
			};
			name = Debug;
		};
		66AB35C41ADC6C0100E6B703 /* Release */ = {
			isa = XCBuildConfiguration;
			buildSettings = {
				PRODUCT_NAME = "$(TARGET_NAME)";
			};
			name = Release;
		};
/* End XCBuildConfiguration section */

/* Begin XCConfigurationList section */
		66AB35B61ADC6C0100E6B703 /* Build configuration list for PBXProject "lista_ordenada" */ = {
			isa = XCConfigurationList;
			buildConfigurations = (
				66AB35C01ADC6C0100E6B703 /* Debug */,
				66AB35C11ADC6C0100E6B703 /* Release */,
			);
			defaultConfigurationIsVisible = 0;
			defaultConfigurationName = Release;
		};
		66AB35C21ADC6C0100E6B703 /* Build configuration list for PBXNativeTarget "lista_ordenada" */ = {
			isa = XCConfigurationList;
			buildConfigurations = (
				66AB35C31ADC6C0100E6B703 /* Debug */,
				66AB35C41ADC6C0100E6B703 /* Release */,
			);
			defaultConfigurationIsVisible = 0;
		};
/* End XCConfigurationList section */
	};
	rootObject = 66AB35B31ADC6C0100E6B703 /* Project object */;
}
